
Microsoft Visual Studio Solution File, Format Version 12.00
# Visual Studio Version 17
VisualStudioVersion = 17.14.36616.10 d17.14
MinimumVisualStudioVersion = 10.0.40219.1
Project("{FAE04EC0-301F-11D3-BF4B-00C04F79EFBC}") = "S01_Sumatorio_R_GIT", "S01_Sumatorio_R_GIT\S01_Sumatorio_R_GIT.csproj", "{FCF3C550-1E68-4BB4-BA04-951B6B659FEA}"
EndProject
Global
	GlobalSection(SolutionConfigurationPlatforms) = preSolution
		Debug|Any CPU = Debug|Any CPU
		Release|Any CPU = Release|Any CPU
	EndGlobalSection
	GlobalSection(ProjectConfigurationPlatforms) = postSolution
		{FCF3C550-1E68-4BB4-BA04-951B6B659FEA}.Debug|Any CPU.ActiveCfg = Debug|Any CPU
		{FCF3C550-1E68-4BB4-BA04-951B6B659FEA}.Debug|Any CPU.Build.0 = Debug|Any CPU
		{FCF3C550-1E68-4BB4-BA04-951B6B659FEA}.Release|Any CPU.ActiveCfg = Release|Any CPU
		{FCF3C550-1E68-4BB4-BA04-951B6B659FEA}.Release|Any CPU.Build.0 = Release|Any CPU
	EndGlobalSection
	GlobalSection(SolutionProperties) = preSolution
		HideSolutionNode = FALSE
	EndGlobalSection
	GlobalSection(ExtensibilityGlobals) = postSolution
		SolutionGuid = {0D566172-7616-418F-B573-7CCE9593EE87}
	EndGlobalSection
EndGlobal
